
Microsoft Visual Studio Solution File, Format Version 11.00
# Visual Studio 2010
Project("{8BC9CEB8-8B4A-11D0-8D11-00A0C91BC942}") = "20_12_06", "20_12_06\20_12_06.vcxproj", "{D31E1F26-2937-4E28-8833-5F8503D801AF}"
EndProject
Global
	GlobalSection(SolutionConfigurationPlatforms) = preSolution
		Debug|Win32 = Debug|Win32
		Release|Win32 = Release|Win32
	EndGlobalSection
	GlobalSection(ProjectConfigurationPlatforms) = postSolution
		{D31E1F26-2937-4E28-8833-5F8503D801AF}.Debug|Win32.ActiveCfg = Debug|Win32
		{D31E1F26-2937-4E28-8833-5F8503D801AF}.Debug|Win32.Build.0 = Debug|Win32
		{D31E1F26-2937-4E28-8833-5F8503D801AF}.Release|Win32.ActiveCfg = Release|Win32
		{D31E1F26-2937-4E28-8833-5F8503D801AF}.Release|Win32.Build.0 = Release|Win32
	EndGlobalSection
	GlobalSection(SolutionProperties) = preSolution
		HideSolutionNode = FALSE
	EndGlobalSection
EndGlobal
