
Microsoft Visual Studio Solution File, Format Version 12.00
# Visual Studio 15
VisualStudioVersion = 15.0.28307.1321
MinimumVisualStudioVersion = 10.0.40219.1
Project("{8BC9CEB8-8B4A-11D0-8D11-00A0C91BC942}") = "stack_queue", "stack_queue\stack_queue.vcxproj", "{D53784C4-0C0C-470D-9057-0A5CAFAA84FD}"
EndProject
Global
	GlobalSection(SolutionConfigurationPlatforms) = preSolution
		Debug|x64 = Debug|x64
		Debug|x86 = Debug|x86
		Release|x64 = Release|x64
		Release|x86 = Release|x86
	EndGlobalSection
	GlobalSection(ProjectConfigurationPlatforms) = postSolution
		{D53784C4-0C0C-470D-9057-0A5CAFAA84FD}.Debug|x64.ActiveCfg = Debug|x64
		{D53784C4-0C0C-470D-9057-0A5CAFAA84FD}.Debug|x64.Build.0 = Debug|x64
		{D53784C4-0C0C-470D-9057-0A5CAFAA84FD}.Debug|x86.ActiveCfg = Debug|Win32
		{D53784C4-0C0C-470D-9057-0A5CAFAA84FD}.Debug|x86.Build.0 = Debug|Win32
		{D53784C4-0C0C-470D-9057-0A5CAFAA84FD}.Release|x64.ActiveCfg = Release|x64
		{D53784C4-0C0C-470D-9057-0A5CAFAA84FD}.Release|x64.Build.0 = Release|x64
		{D53784C4-0C0C-470D-9057-0A5CAFAA84FD}.Release|x86.ActiveCfg = Release|Win32
		{D53784C4-0C0C-470D-9057-0A5CAFAA84FD}.Release|x86.Build.0 = Release|Win32
	EndGlobalSection
	GlobalSection(SolutionProperties) = preSolution
		HideSolutionNode = FALSE
	EndGlobalSection
	GlobalSection(ExtensibilityGlobals) = postSolution
		SolutionGuid = {C2875856-D01A-45EA-BA6C-F5E7F61B3CA4}
	EndGlobalSection
EndGlobal
