
Microsoft Visual Studio Solution File, Format Version 11.00
# Visual Studio 2010
Project("{8BC9CEB8-8B4A-11D0-8D11-00A0C91BC942}") = "20_12_20", "20_12_20\20_12_20.vcxproj", "{1129CF2A-8780-44DD-BAB0-4EBA5955B970}"
EndProject
Global
	GlobalSection(SolutionConfigurationPlatforms) = preSolution
		Debug|Win32 = Debug|Win32
		Release|Win32 = Release|Win32
	EndGlobalSection
	GlobalSection(ProjectConfigurationPlatforms) = postSolution
		{1129CF2A-8780-44DD-BAB0-4EBA5955B970}.Debug|Win32.ActiveCfg = Debug|Win32
		{1129CF2A-8780-44DD-BAB0-4EBA5955B970}.Debug|Win32.Build.0 = Debug|Win32
		{1129CF2A-8780-44DD-BAB0-4EBA5955B970}.Release|Win32.ActiveCfg = Release|Win32
		{1129CF2A-8780-44DD-BAB0-4EBA5955B970}.Release|Win32.Build.0 = Release|Win32
	EndGlobalSection
	GlobalSection(SolutionProperties) = preSolution
		HideSolutionNode = FALSE
	EndGlobalSection
EndGlobal
